
Microsoft Visual Studio Solution File, Format Version 12.00
# Visual Studio 2012
Project("{FAE04EC0-301F-11D3-BF4B-00C04F79EFBC}") = "SimpleRedis", "SimpleRedis\SimpleRedis.csproj", "{E1EEF4D1-12A5-41E4-8EB2-BD8359EBBEDD}"
EndProject
Project("{FAE04EC0-301F-11D3-BF4B-00C04F79EFBC}") = "SimpleRedis.Tests", "SimpleRedis.Tests\SimpleRedis.Tests.csproj", "{E3CFFA73-71BB-4E25-9865-8F44816B8402}"
EndProject
Global
	GlobalSection(SolutionConfigurationPlatforms) = preSolution
		Debug|Any CPU = Debug|Any CPU
		Release|Any CPU = Release|Any CPU
	EndGlobalSection
	GlobalSection(ProjectConfigurationPlatforms) = postSolution
		{E1EEF4D1-12A5-41E4-8EB2-BD8359EBBEDD}.Debug|Any CPU.ActiveCfg = Debug|Any CPU
		{E1EEF4D1-12A5-41E4-8EB2-BD8359EBBEDD}.Debug|Any CPU.Build.0 = Debug|Any CPU
		{E1EEF4D1-12A5-41E4-8EB2-BD8359EBBEDD}.Release|Any CPU.ActiveCfg = Release|Any CPU
		{E1EEF4D1-12A5-41E4-8EB2-BD8359EBBEDD}.Release|Any CPU.Build.0 = Release|Any CPU
		{E3CFFA73-71BB-4E25-9865-8F44816B8402}.Debug|Any CPU.ActiveCfg = Debug|Any CPU
		{E3CFFA73-71BB-4E25-9865-8F44816B8402}.Debug|Any CPU.Build.0 = Debug|Any CPU
		{E3CFFA73-71BB-4E25-9865-8F44816B8402}.Release|Any CPU.ActiveCfg = Release|Any CPU
		{E3CFFA73-71BB-4E25-9865-8F44816B8402}.Release|Any CPU.Build.0 = Release|Any CPU
	EndGlobalSection
	GlobalSection(SolutionProperties) = preSolution
		HideSolutionNode = FALSE
	EndGlobalSection
EndGlobal
